
Microsoft Visual Studio Solution File, Format Version 12.00
# Visual Studio Version 16
VisualStudioVersion = 16.0.29201.188
MinimumVisualStudioVersion = 10.0.40219.1
Project("{FAE04EC0-301F-11D3-BF4B-00C04F79EFBC}") = "bigpapaList", "bigpapaList\bigpapaList.csproj", "{AFEDE2B4-8849-49B5-AA12-5914513CEDEF}"
EndProject
Global
	GlobalSection(SolutionConfigurationPlatforms) = preSolution
		Debug|Any CPU = Debug|Any CPU
		Release|Any CPU = Release|Any CPU
	EndGlobalSection
	GlobalSection(ProjectConfigurationPlatforms) = postSolution
		{AFEDE2B4-8849-49B5-AA12-5914513CEDEF}.Debug|Any CPU.ActiveCfg = Debug|Any CPU
		{AFEDE2B4-8849-49B5-AA12-5914513CEDEF}.Debug|Any CPU.Build.0 = Debug|Any CPU
		{AFEDE2B4-8849-49B5-AA12-5914513CEDEF}.Release|Any CPU.ActiveCfg = Release|Any CPU
		{AFEDE2B4-8849-49B5-AA12-5914513CEDEF}.Release|Any CPU.Build.0 = Release|Any CPU
	EndGlobalSection
	GlobalSection(SolutionProperties) = preSolution
		HideSolutionNode = FALSE
	EndGlobalSection
	GlobalSection(ExtensibilityGlobals) = postSolution
		SolutionGuid = {427A1100-D635-4EA9-845D-CC9F5041861F}
	EndGlobalSection
EndGlobal
